// !$*UTF8*$!
{
	archiveVersion = 1;
	classes = {
	};
	objectVersion = 56;
	objects = {

/* Begin PBXBuildFile section */
		490B01972B697DA0005B85CC /* AuthorPickerView.swift in Sources */ = {isa = PBXBuildFile; fileRef = 490B01962B697DA0005B85CC /* AuthorPickerView.swift */; };
		4919AF1B2BAA5B3A009270BA /* TitleGroupView.swift in Sources */ = {isa = PBXBuildFile; fileRef = 4919AF1A2BAA5B3A009270BA /* TitleGroupView.swift */; };
		494EF61B2B6D8D5D00800610 /* SeriesGroupView.swift in Sources */ = {isa = PBXBuildFile; fileRef = 494EF61A2B6D8D5D00800610 /* SeriesGroupView.swift */; };
		4976F2772AF99D21004F01B0 /* ReadApp.swift in Sources */ = {isa = PBXBuildFile; fileRef = 4976F2762AF99D21004F01B0 /* ReadApp.swift */; };
		4976F2792AF99D21004F01B0 /* ContentView.swift in Sources */ = {isa = PBXBuildFile; fileRef = 4976F2782AF99D21004F01B0 /* ContentView.swift */; };
		4976F27B2AF99D21004F01B0 /* Book.swift in Sources */ = {isa = PBXBuildFile; fileRef = 4976F27A2AF99D21004F01B0 /* Book.swift */; };
		4976F27D2AF99D22004F01B0 /* Assets.xcassets in Resources */ = {isa = PBXBuildFile; fileRef = 4976F27C2AF99D22004F01B0 /* Assets.xcassets */; };
		4976F2802AF99D22004F01B0 /* Preview Assets.xcassets in Resources */ = {isa = PBXBuildFile; fileRef = 4976F27F2AF99D22004F01B0 /* Preview Assets.xcassets */; };
		4976F2872AF9A7DF004F01B0 /* NewBookView.swift in Sources */ = {isa = PBXBuildFile; fileRef = 4976F2862AF9A7DF004F01B0 /* NewBookView.swift */; };
		49804C802AFB0F43006D74D6 /* EditBookView.swift in Sources */ = {isa = PBXBuildFile; fileRef = 49804C7F2AFB0F43006D74D6 /* EditBookView.swift */; };
		49837EB42BA3BE6000734881 /* BookPreview.swift in Sources */ = {isa = PBXBuildFile; fileRef = 49837EB32BA3BE6000734881 /* BookPreview.swift */; };
		49D174C72B684A0300718C8D /* BooksByTitleView.swift in Sources */ = {isa = PBXBuildFile; fileRef = 49D174C62B684A0300718C8D /* BooksByTitleView.swift */; };
		49D174C92B684A1300718C8D /* BooksByAuthorView.swift in Sources */ = {isa = PBXBuildFile; fileRef = 49D174C82B684A1300718C8D /* BooksByAuthorView.swift */; };
		49D174CB2B684A1E00718C8D /* BooksBySeriesView.swift in Sources */ = {isa = PBXBuildFile; fileRef = 49D174CA2B684A1E00718C8D /* BooksBySeriesView.swift */; };
		49FB9F222B6ACFA4005A53B0 /* Author.swift in Sources */ = {isa = PBXBuildFile; fileRef = 49FB9F212B6ACFA4005A53B0 /* Author.swift */; };
		49FB9F242B6ACFE6005A53B0 /* Series.swift in Sources */ = {isa = PBXBuildFile; fileRef = 49FB9F232B6ACFE6005A53B0 /* Series.swift */; };
		49FB9F262B6AD3ED005A53B0 /* BookTitleView.swift in Sources */ = {isa = PBXBuildFile; fileRef = 49FB9F252B6AD3ED005A53B0 /* BookTitleView.swift */; };
		49FB9F282B6B1892005A53B0 /* NewAuthorView.swift in Sources */ = {isa = PBXBuildFile; fileRef = 49FB9F272B6B1892005A53B0 /* NewAuthorView.swift */; };
		49FB9F2A2B6B194A005A53B0 /* NewSeriesView.swift in Sources */ = {isa = PBXBuildFile; fileRef = 49FB9F292B6B194A005A53B0 /* NewSeriesView.swift */; };
		49FB9F2C2B6B1D10005A53B0 /* CancelOrAddView.swift in Sources */ = {isa = PBXBuildFile; fileRef = 49FB9F2B2B6B1D10005A53B0 /* CancelOrAddView.swift */; };
/* End PBXBuildFile section */

/* Begin PBXFileReference section */
		490B01962B697DA0005B85CC /* AuthorPickerView.swift */ = {isa = PBXFileReference; lastKnownFileType = sourcecode.swift; path = AuthorPickerView.swift; sourceTree = "<group>"; };
		4919AF1A2BAA5B3A009270BA /* TitleGroupView.swift */ = {isa = PBXFileReference; lastKnownFileType = sourcecode.swift; path = TitleGroupView.swift; sourceTree = "<group>"; };
		494EF61A2B6D8D5D00800610 /* SeriesGroupView.swift */ = {isa = PBXFileReference; lastKnownFileType = sourcecode.swift; path = SeriesGroupView.swift; sourceTree = "<group>"; };
		4976F2732AF99D21004F01B0 /* Read.app */ = {isa = PBXFileReference; explicitFileType = wrapper.application; includeInIndex = 0; path = Read.app; sourceTree = BUILT_PRODUCTS_DIR; };
		4976F2762AF99D21004F01B0 /* ReadApp.swift */ = {isa = PBXFileReference; lastKnownFileType = sourcecode.swift; path = ReadApp.swift; sourceTree = "<group>"; };
		4976F2782AF99D21004F01B0 /* ContentView.swift */ = {isa = PBXFileReference; lastKnownFileType = sourcecode.swift; path = ContentView.swift; sourceTree = "<group>"; };
		4976F27A2AF99D21004F01B0 /* Book.swift */ = {isa = PBXFileReference; lastKnownFileType = sourcecode.swift; path = Book.swift; sourceTree = "<group>"; };
		4976F27C2AF99D22004F01B0 /* Assets.xcassets */ = {isa = PBXFileReference; lastKnownFileType = folder.assetcatalog; path = Assets.xcassets; sourceTree = "<group>"; };
		4976F27F2AF99D22004F01B0 /* Preview Assets.xcassets */ = {isa = PBXFileReference; lastKnownFileType = folder.assetcatalog; path = "Preview Assets.xcassets"; sourceTree = "<group>"; };
		4976F2862AF9A7DF004F01B0 /* NewBookView.swift */ = {isa = PBXFileReference; lastKnownFileType = sourcecode.swift; path = NewBookView.swift; sourceTree = "<group>"; };
		49804C7F2AFB0F43006D74D6 /* EditBookView.swift */ = {isa = PBXFileReference; lastKnownFileType = sourcecode.swift; path = EditBookView.swift; sourceTree = "<group>"; };
		4981605E2AFC2F58002BDC33 /* Read.entitlements */ = {isa = PBXFileReference; lastKnownFileType = text.plist.entitlements; path = Read.entitlements; sourceTree = "<group>"; };
		4981605F2AFC2F7B002BDC33 /* Info.plist */ = {isa = PBXFileReference; lastKnownFileType = text.plist.xml; path = Info.plist; sourceTree = "<group>"; };
		49837EB32BA3BE6000734881 /* BookPreview.swift */ = {isa = PBXFileReference; lastKnownFileType = sourcecode.swift; path = BookPreview.swift; sourceTree = "<group>"; };
		49D174C62B684A0300718C8D /* BooksByTitleView.swift */ = {isa = PBXFileReference; lastKnownFileType = sourcecode.swift; path = BooksByTitleView.swift; sourceTree = "<group>"; };
		49D174C82B684A1300718C8D /* BooksByAuthorView.swift */ = {isa = PBXFileReference; lastKnownFileType = sourcecode.swift; path = BooksByAuthorView.swift; sourceTree = "<group>"; };
		49D174CA2B684A1E00718C8D /* BooksBySeriesView.swift */ = {isa = PBXFileReference; lastKnownFileType = sourcecode.swift; path = BooksBySeriesView.swift; sourceTree = "<group>"; };
		49FB9F212B6ACFA4005A53B0 /* Author.swift */ = {isa = PBXFileReference; lastKnownFileType = sourcecode.swift; path = Author.swift; sourceTree = "<group>"; };
		49FB9F232B6ACFE6005A53B0 /* Series.swift */ = {isa = PBXFileReference; lastKnownFileType = sourcecode.swift; path = Series.swift; sourceTree = "<group>"; };
		49FB9F252B6AD3ED005A53B0 /* BookTitleView.swift */ = {isa = PBXFileReference; lastKnownFileType = sourcecode.swift; path = BookTitleView.swift; sourceTree = "<group>"; };
		49FB9F272B6B1892005A53B0 /* NewAuthorView.swift */ = {isa = PBXFileReference; lastKnownFileType = sourcecode.swift; path = NewAuthorView.swift; sourceTree = "<group>"; };
		49FB9F292B6B194A005A53B0 /* NewSeriesView.swift */ = {isa = PBXFileReference; lastKnownFileType = sourcecode.swift; path = NewSeriesView.swift; sourceTree = "<group>"; };
		49FB9F2B2B6B1D10005A53B0 /* CancelOrAddView.swift */ = {isa = PBXFileReference; lastKnownFileType = sourcecode.swift; path = CancelOrAddView.swift; sourceTree = "<group>"; };
/* End PBXFileReference section */

/* Begin PBXFrameworksBuildPhase section */
		4976F2702AF99D21004F01B0 /* Frameworks */ = {
			isa = PBXFrameworksBuildPhase;
			buildActionMask = 2147483647;
			files = (
			);
			runOnlyForDeploymentPostprocessing = 0;
		};
/* End PBXFrameworksBuildPhase section */

/* Begin PBXGroup section */
		4976F26A2AF99D21004F01B0 = {
			isa = PBXGroup;
			children = (
				4976F2752AF99D21004F01B0 /* Read */,
				4976F2742AF99D21004F01B0 /* Products */,
			);
			sourceTree = "<group>";
		};
		4976F2742AF99D21004F01B0 /* Products */ = {
			isa = PBXGroup;
			children = (
				4976F2732AF99D21004F01B0 /* Read.app */,
			);
			name = Products;
			sourceTree = "<group>";
		};
		4976F2752AF99D21004F01B0 /* Read */ = {
			isa = PBXGroup;
			children = (
				4976F2762AF99D21004F01B0 /* ReadApp.swift */,
				4976F2782AF99D21004F01B0 /* ContentView.swift */,
				49D174C62B684A0300718C8D /* BooksByTitleView.swift */,
				49FB9F252B6AD3ED005A53B0 /* BookTitleView.swift */,
				49D174C82B684A1300718C8D /* BooksByAuthorView.swift */,
				49D174CA2B684A1E00718C8D /* BooksBySeriesView.swift */,
				4976F2862AF9A7DF004F01B0 /* NewBookView.swift */,
				4919AF1A2BAA5B3A009270BA /* TitleGroupView.swift */,
				49804C7F2AFB0F43006D74D6 /* EditBookView.swift */,
				494EF61A2B6D8D5D00800610 /* SeriesGroupView.swift */,
				49FB9F272B6B1892005A53B0 /* NewAuthorView.swift */,
				49FB9F292B6B194A005A53B0 /* NewSeriesView.swift */,
				49FB9F2B2B6B1D10005A53B0 /* CancelOrAddView.swift */,
				490B01962B697DA0005B85CC /* AuthorPickerView.swift */,
				4976F27A2AF99D21004F01B0 /* Book.swift */,
				49837EB32BA3BE6000734881 /* BookPreview.swift */,
				49FB9F212B6ACFA4005A53B0 /* Author.swift */,
				49FB9F232B6ACFE6005A53B0 /* Series.swift */,
				498160622AFC664F002BDC33 /* Misc */,
				4976F27E2AF99D22004F01B0 /* Preview Content */,
			);
			path = Read;
			sourceTree = "<group>";
		};
		4976F27E2AF99D22004F01B0 /* Preview Content */ = {
			isa = PBXGroup;
			children = (
				4976F27F2AF99D22004F01B0 /* Preview Assets.xcassets */,
			);
			path = "Preview Content";
			sourceTree = "<group>";
		};
		498160622AFC664F002BDC33 /* Misc */ = {
			isa = PBXGroup;
			children = (
				4981605F2AFC2F7B002BDC33 /* Info.plist */,
				4981605E2AFC2F58002BDC33 /* Read.entitlements */,
				4976F27C2AF99D22004F01B0 /* Assets.xcassets */,
			);
			name = Misc;
			sourceTree = "<group>";
		};
/* End PBXGroup section */

/* Begin PBXNativeTarget section */
		4976F2722AF99D21004F01B0 /* Read */ = {
			isa = PBXNativeTarget;
			buildConfigurationList = 4976F2832AF99D22004F01B0 /* Build configuration list for PBXNativeTarget "Read" */;
			buildPhases = (
				4976F26F2AF99D21004F01B0 /* Sources */,
				4976F2702AF99D21004F01B0 /* Frameworks */,
				4976F2712AF99D21004F01B0 /* Resources */,
				498150282BFE986200AFB16F /* ShellScript */,
				498150292BFE98A300AFB16F /* Swift Lint */,
			);
			buildRules = (
			);
			dependencies = (
			);
			name = Read;
			productName = Read;
			productReference = 4976F2732AF99D21004F01B0 /* Read.app */;
			productType = "com.apple.product-type.application";
		};
/* End PBXNativeTarget section */

/* Begin PBXProject section */
		4976F26B2AF99D21004F01B0 /* Project object */ = {
			isa = PBXProject;
			attributes = {
				BuildIndependentTargetsInParallel = 1;
				LastSwiftUpdateCheck = 1500;
				LastUpgradeCheck = 1500;
				TargetAttributes = {
					4976F2722AF99D21004F01B0 = {
						CreatedOnToolsVersion = 15.0.1;
					};
				};
			};
			buildConfigurationList = 4976F26E2AF99D21004F01B0 /* Build configuration list for PBXProject "Read" */;
			compatibilityVersion = "Xcode 14.0";
			developmentRegion = en;
			hasScannedForEncodings = 0;
			knownRegions = (
				en,
				Base,
			);
			mainGroup = 4976F26A2AF99D21004F01B0;
			productRefGroup = 4976F2742AF99D21004F01B0 /* Products */;
			projectDirPath = "";
			projectRoot = "";
			targets = (
				4976F2722AF99D21004F01B0 /* Read */,
			);
		};
/* End PBXProject section */

/* Begin PBXResourcesBuildPhase section */
		4976F2712AF99D21004F01B0 /* Resources */ = {
			isa = PBXResourcesBuildPhase;
			buildActionMask = 2147483647;
			files = (
				4976F2802AF99D22004F01B0 /* Preview Assets.xcassets in Resources */,
				4976F27D2AF99D22004F01B0 /* Assets.xcassets in Resources */,
			);
			runOnlyForDeploymentPostprocessing = 0;
		};
/* End PBXResourcesBuildPhase section */

/* Begin PBXShellScriptBuildPhase section */
		498150282BFE986200AFB16F /* ShellScript */ = {
			isa = PBXShellScriptBuildPhase;
			alwaysOutOfDate = 1;
			buildActionMask = 2147483647;
			files = (
			);
			inputFileListPaths = (
			);
			inputPaths = (
			);
			outputFileListPaths = (
			);
			outputPaths = (
			);
			runOnlyForDeploymentPostprocessing = 0;
			shellPath = /bin/sh;
			shellScript = "# This script automatically sets the version and short version string of\n# an Xcode project from the Git repository containing the project.\n#\n# To use this script in Xcode, add the script's path to a \"Run Script\" build\n# phase for your application target.\n\nset -o errexit\nset -o nounset\n\n# First, check for git in $PATH\nhash git 2>/dev/null || { echo >&2 \"Git required, not in path.  Aborting build number update script.\"; exit 0; }\n\n# Run Script build phases that operate on product files of the target that defines them should use the value of this\n# build setting [TARGET_BUILD_DIR].\nINFO_PLIST=\"${TARGET_BUILD_DIR}/${INFOPLIST_PATH}\"\n\n# Build version (closest-tag-or-branch \"-\" commits-since-tag \"-\" short-hash dirty-flag)\n# Bundle version starts with the total number of commits\nBUILD_VERSION=$(git describe --tags --always --dirty=+)\nBUNDLE_VERSION=$(git rev-list --count HEAD)\n\n# Use the latest tag for short version (expected tag format \"vn[.n[.n]]\")\n# or if there are no tags, we make up version 0.0.<commit count>\nLATEST_TAG=$(git describe --tags --match 'v*' --abbrev=0 2>/dev/null) || LATEST_TAG=\"HEAD\"\nif [ $LATEST_TAG = \"HEAD\" ]; then\n SHORT_VERSION=\"0.0.$BUNDLE_VERSION\"\nelse\n COMMIT_COUNT_SINCE_TAG=$(git rev-list --count ${LATEST_TAG}..HEAD)\n SHORT_VERSION=${LATEST_TAG##v}\n if [ ${COMMIT_COUNT_SINCE_TAG} -ne 0 ]; then\n  SHORT_VERSION=${SHORT_VERSION}.${COMMIT_COUNT_SINCE_TAG}\n fi\nfi\n\n# Append a \".1\" to the bundle version if the working dir is dirty\nif [ -n \"$(git status --porcelain)\" ]; then\nBUNDLE_VERSION=\"${BUNDLE_VERSION}.1\"\nfi\n\n# For debugging:\necho \"BUILD VERSION: $BUILD_VERSION\"\necho \"LATEST_TAG: $LATEST_TAG\"\necho \"SHORT VERSION: $SHORT_VERSION\"\necho \"BUNDLE_VERSION: $BUNDLE_VERSION\"\n\n/usr/libexec/PlistBuddy -c \"Add :CFBundleBuildVersion string $BUILD_VERSION\" \"$INFO_PLIST\" 2>/dev/null || /usr/libexec/PlistBuddy -c \"Set :CFBundleBuildVersion $BUILD_VERSION\" \"$INFO_PLIST\"\n/usr/libexec/PlistBuddy -c \"Set :CFBundleShortVersionString $SHORT_VERSION\" \"$INFO_PLIST\"\n/usr/libexec/PlistBuddy -c \"Set :CFBundleVersion $BUNDLE_VERSION\" \"$INFO_PLIST\"\n";
			showEnvVarsInLog = 0;
		};
		498150292BFE98A300AFB16F /* Swift Lint */ = {
			isa = PBXShellScriptBuildPhase;
			alwaysOutOfDate = 1;
			buildActionMask = 2147483647;
			files = (
			);
			inputFileListPaths = (
			);
			inputPaths = (
			);
			name = "Swift Lint";
			outputFileListPaths = (
			);
			outputPaths = (
			);
			runOnlyForDeploymentPostprocessing = 0;
			shellPath = /bin/sh;
			shellScript = "# Type a script or drag a script file from your workspace to insert its path.\nif which swiftlint > /dev/null; then\n  echo swiftlint\nelse\n  echo \"warning: SwiftLint not installed, download from https://github.com/realm/SwiftLint\"\nfi\n";
			showEnvVarsInLog = 0;
		};
/* End PBXShellScriptBuildPhase section */

/* Begin PBXSourcesBuildPhase section */
		4976F26F2AF99D21004F01B0 /* Sources */ = {
			isa = PBXSourcesBuildPhase;
			buildActionMask = 2147483647;
			files = (
				49FB9F2A2B6B194A005A53B0 /* NewSeriesView.swift in Sources */,
				4919AF1B2BAA5B3A009270BA /* TitleGroupView.swift in Sources */,
				4976F2872AF9A7DF004F01B0 /* NewBookView.swift in Sources */,
				494EF61B2B6D8D5D00800610 /* SeriesGroupView.swift in Sources */,
				49D174CB2B684A1E00718C8D /* BooksBySeriesView.swift in Sources */,
				49FB9F242B6ACFE6005A53B0 /* Series.swift in Sources */,
				4976F2792AF99D21004F01B0 /* ContentView.swift in Sources */,
				49D174C92B684A1300718C8D /* BooksByAuthorView.swift in Sources */,
				49FB9F282B6B1892005A53B0 /* NewAuthorView.swift in Sources */,
				49D174C72B684A0300718C8D /* BooksByTitleView.swift in Sources */,
				49FB9F2C2B6B1D10005A53B0 /* CancelOrAddView.swift in Sources */,
				49FB9F262B6AD3ED005A53B0 /* BookTitleView.swift in Sources */,
				4976F27B2AF99D21004F01B0 /* Book.swift in Sources */,
				490B01972B697DA0005B85CC /* AuthorPickerView.swift in Sources */,
				49837EB42BA3BE6000734881 /* BookPreview.swift in Sources */,
				4976F2772AF99D21004F01B0 /* ReadApp.swift in Sources */,
				49FB9F222B6ACFA4005A53B0 /* Author.swift in Sources */,
				49804C802AFB0F43006D74D6 /* EditBookView.swift in Sources */,
			);
			runOnlyForDeploymentPostprocessing = 0;
		};
/* End PBXSourcesBuildPhase section */

/* Begin XCBuildConfiguration section */
		4976F2812AF99D22004F01B0 /* Debug */ = {
			isa = XCBuildConfiguration;
			buildSettings = {
				ALWAYS_SEARCH_USER_PATHS = NO;
				ASSETCATALOG_COMPILER_GENERATE_SWIFT_ASSET_SYMBOL_EXTENSIONS = YES;
				CLANG_ANALYZER_NONNULL = YES;
				CLANG_ANALYZER_NUMBER_OBJECT_CONVERSION = YES_AGGRESSIVE;
				CLANG_CXX_LANGUAGE_STANDARD = "gnu++20";
				CLANG_ENABLE_MODULES = YES;
				CLANG_ENABLE_OBJC_ARC = YES;
				CLANG_ENABLE_OBJC_WEAK = YES;
				CLANG_WARN_BLOCK_CAPTURE_AUTORELEASING = YES;
				CLANG_WARN_BOOL_CONVERSION = YES;
				CLANG_WARN_COMMA = YES;
				CLANG_WARN_CONSTANT_CONVERSION = YES;
				CLANG_WARN_DEPRECATED_OBJC_IMPLEMENTATIONS = YES;
				CLANG_WARN_DIRECT_OBJC_ISA_USAGE = YES_ERROR;
				CLANG_WARN_DOCUMENTATION_COMMENTS = YES;
				CLANG_WARN_EMPTY_BODY = YES;
				CLANG_WARN_ENUM_CONVERSION = YES;
				CLANG_WARN_INFINITE_RECURSION = YES;
				CLANG_WARN_INT_CONVERSION = YES;
				CLANG_WARN_NON_LITERAL_NULL_CONVERSION = YES;
				CLANG_WARN_OBJC_IMPLICIT_RETAIN_SELF = YES;
				CLANG_WARN_OBJC_LITERAL_CONVERSION = YES;
				CLANG_WARN_OBJC_ROOT_CLASS = YES_ERROR;
				CLANG_WARN_QUOTED_INCLUDE_IN_FRAMEWORK_HEADER = YES;
				CLANG_WARN_RANGE_LOOP_ANALYSIS = YES;
				CLANG_WARN_STRICT_PROTOTYPES = YES;
				CLANG_WARN_SUSPICIOUS_MOVE = YES;
				CLANG_WARN_UNGUARDED_AVAILABILITY = YES_AGGRESSIVE;
				CLANG_WARN_UNREACHABLE_CODE = YES;
				CLANG_WARN__DUPLICATE_METHOD_MATCH = YES;
				COPY_PHASE_STRIP = NO;
				DEBUG_INFORMATION_FORMAT = dwarf;
				ENABLE_STRICT_OBJC_MSGSEND = YES;
				ENABLE_TESTABILITY = YES;
				ENABLE_USER_SCRIPT_SANDBOXING = NO;
				GCC_C_LANGUAGE_STANDARD = gnu17;
				GCC_DYNAMIC_NO_PIC = NO;
				GCC_NO_COMMON_BLOCKS = YES;
				GCC_OPTIMIZATION_LEVEL = 0;
				GCC_PREPROCESSOR_DEFINITIONS = (
					"DEBUG=1",
					"$(inherited)",
				);
				GCC_WARN_64_TO_32_BIT_CONVERSION = YES;
				GCC_WARN_ABOUT_RETURN_TYPE = YES_ERROR;
				GCC_WARN_UNDECLARED_SELECTOR = YES;
				GCC_WARN_UNINITIALIZED_AUTOS = YES_AGGRESSIVE;
				GCC_WARN_UNUSED_FUNCTION = YES;
				GCC_WARN_UNUSED_VARIABLE = YES;
				IPHONEOS_DEPLOYMENT_TARGET = 17.0;
				LOCALIZATION_PREFERS_STRING_CATALOGS = YES;
				MTL_ENABLE_DEBUG_INFO = INCLUDE_SOURCE;
				MTL_FAST_MATH = YES;
				ONLY_ACTIVE_ARCH = YES;
				SDKROOT = iphoneos;
				SWIFT_ACTIVE_COMPILATION_CONDITIONS = "DEBUG $(inherited)";
				SWIFT_OPTIMIZATION_LEVEL = "-Onone";
				SWIFT_STRICT_CONCURRENCY = complete;
			};
			name = Debug;
		};
		4976F2822AF99D22004F01B0 /* Release */ = {
			isa = XCBuildConfiguration;
			buildSettings = {
				ALWAYS_SEARCH_USER_PATHS = NO;
				ASSETCATALOG_COMPILER_GENERATE_SWIFT_ASSET_SYMBOL_EXTENSIONS = YES;
				CLANG_ANALYZER_NONNULL = YES;
				CLANG_ANALYZER_NUMBER_OBJECT_CONVERSION = YES_AGGRESSIVE;
				CLANG_CXX_LANGUAGE_STANDARD = "gnu++20";
				CLANG_ENABLE_MODULES = YES;
				CLANG_ENABLE_OBJC_ARC = YES;
				CLANG_ENABLE_OBJC_WEAK = YES;
				CLANG_WARN_BLOCK_CAPTURE_AUTORELEASING = YES;
				CLANG_WARN_BOOL_CONVERSION = YES;
				CLANG_WARN_COMMA = YES;
				CLANG_WARN_CONSTANT_CONVERSION = YES;
				CLANG_WARN_DEPRECATED_OBJC_IMPLEMENTATIONS = YES;
				CLANG_WARN_DIRECT_OBJC_ISA_USAGE = YES_ERROR;
				CLANG_WARN_DOCUMENTATION_COMMENTS = YES;
				CLANG_WARN_EMPTY_BODY = YES;
				CLANG_WARN_ENUM_CONVERSION = YES;
				CLANG_WARN_INFINITE_RECURSION = YES;
				CLANG_WARN_INT_CONVERSION = YES;
				CLANG_WARN_NON_LITERAL_NULL_CONVERSION = YES;
				CLANG_WARN_OBJC_IMPLICIT_RETAIN_SELF = YES;
				CLANG_WARN_OBJC_LITERAL_CONVERSION = YES;
				CLANG_WARN_OBJC_ROOT_CLASS = YES_ERROR;
				CLANG_WARN_QUOTED_INCLUDE_IN_FRAMEWORK_HEADER = YES;
				CLANG_WARN_RANGE_LOOP_ANALYSIS = YES;
				CLANG_WARN_STRICT_PROTOTYPES = YES;
				CLANG_WARN_SUSPICIOUS_MOVE = YES;
				CLANG_WARN_UNGUARDED_AVAILABILITY = YES_AGGRESSIVE;
				CLANG_WARN_UNREACHABLE_CODE = YES;
				CLANG_WARN__DUPLICATE_METHOD_MATCH = YES;
				COPY_PHASE_STRIP = NO;
				DEBUG_INFORMATION_FORMAT = "dwarf-with-dsym";
				ENABLE_NS_ASSERTIONS = NO;
				ENABLE_STRICT_OBJC_MSGSEND = YES;
				ENABLE_USER_SCRIPT_SANDBOXING = NO;
				GCC_C_LANGUAGE_STANDARD = gnu17;
				GCC_NO_COMMON_BLOCKS = YES;
				GCC_WARN_64_TO_32_BIT_CONVERSION = YES;
				GCC_WARN_ABOUT_RETURN_TYPE = YES_ERROR;
				GCC_WARN_UNDECLARED_SELECTOR = YES;
				GCC_WARN_UNINITIALIZED_AUTOS = YES_AGGRESSIVE;
				GCC_WARN_UNUSED_FUNCTION = YES;
				GCC_WARN_UNUSED_VARIABLE = YES;
				IPHONEOS_DEPLOYMENT_TARGET = 17.0;
				LOCALIZATION_PREFERS_STRING_CATALOGS = YES;
				MTL_ENABLE_DEBUG_INFO = NO;
				MTL_FAST_MATH = YES;
				SDKROOT = iphoneos;
				SWIFT_COMPILATION_MODE = wholemodule;
				SWIFT_STRICT_CONCURRENCY = complete;
				VALIDATE_PRODUCT = YES;
			};
			name = Release;
		};
		4976F2842AF99D22004F01B0 /* Debug */ = {
			isa = XCBuildConfiguration;
			buildSettings = {
				ASSETCATALOG_COMPILER_APPICON_NAME = AppIcon;
				ASSETCATALOG_COMPILER_GLOBAL_ACCENT_COLOR_NAME = AccentColor;
				CODE_SIGN_ENTITLEMENTS = Read/Read.entitlements;
				CODE_SIGN_STYLE = Automatic;
				CURRENT_PROJECT_VERSION = 1;
				DEVELOPMENT_ASSET_PATHS = "\"Read/Preview Content\"";
				DEVELOPMENT_TEAM = A3UXBEBE8Z;
				ENABLE_PREVIEWS = YES;
				GENERATE_INFOPLIST_FILE = YES;
				INFOPLIST_FILE = Read/Info.plist;
				INFOPLIST_KEY_UIApplicationSceneManifest_Generation = YES;
				INFOPLIST_KEY_UIApplicationSupportsIndirectInputEvents = YES;
				INFOPLIST_KEY_UILaunchScreen_Generation = YES;
				INFOPLIST_KEY_UISupportedInterfaceOrientations_iPad = "UIInterfaceOrientationPortrait UIInterfaceOrientationPortraitUpsideDown UIInterfaceOrientationLandscapeLeft UIInterfaceOrientationLandscapeRight";
				INFOPLIST_KEY_UISupportedInterfaceOrientations_iPhone = "UIInterfaceOrientationPortrait UIInterfaceOrientationLandscapeLeft UIInterfaceOrientationLandscapeRight";
				IPHONEOS_DEPLOYMENT_TARGET = 18.0;
				LD_RUNPATH_SEARCH_PATHS = (
					"$(inherited)",
					"@executable_path/Frameworks",
				);
				MARKETING_VERSION = 1.0;
				PRODUCT_BUNDLE_IDENTIFIER = org.snafu.Read;
				PRODUCT_NAME = "$(TARGET_NAME)";
				SWIFT_EMIT_LOC_STRINGS = YES;
				SWIFT_VERSION = 6.0;
				TARGETED_DEVICE_FAMILY = "1,2";
			};
			name = Debug;
		};
		4976F2852AF99D22004F01B0 /* Release */ = {
			isa = XCBuildConfiguration;
			buildSettings = {
				ASSETCATALOG_COMPILER_APPICON_NAME = AppIcon;
				ASSETCATALOG_COMPILER_GLOBAL_ACCENT_COLOR_NAME = AccentColor;
				CODE_SIGN_ENTITLEMENTS = Read/Read.entitlements;
				CODE_SIGN_STYLE = Automatic;
				CURRENT_PROJECT_VERSION = 1;
				DEVELOPMENT_ASSET_PATHS = "\"Read/Preview Content\"";
				DEVELOPMENT_TEAM = A3UXBEBE8Z;
				ENABLE_PREVIEWS = YES;
				GENERATE_INFOPLIST_FILE = YES;
				INFOPLIST_FILE = Read/Info.plist;
				INFOPLIST_KEY_UIApplicationSceneManifest_Generation = YES;
				INFOPLIST_KEY_UIApplicationSupportsIndirectInputEvents = YES;
				INFOPLIST_KEY_UILaunchScreen_Generation = YES;
				INFOPLIST_KEY_UISupportedInterfaceOrientations_iPad = "UIInterfaceOrientationPortrait UIInterfaceOrientationPortraitUpsideDown UIInterfaceOrientationLandscapeLeft UIInterfaceOrientationLandscapeRight";
				INFOPLIST_KEY_UISupportedInterfaceOrientations_iPhone = "UIInterfaceOrientationPortrait UIInterfaceOrientationLandscapeLeft UIInterfaceOrientationLandscapeRight";
				IPHONEOS_DEPLOYMENT_TARGET = 18.0;
				LD_RUNPATH_SEARCH_PATHS = (
					"$(inherited)",
					"@executable_path/Frameworks",
				);
				MARKETING_VERSION = 1.0;
				PRODUCT_BUNDLE_IDENTIFIER = org.snafu.Read;
				PRODUCT_NAME = "$(TARGET_NAME)";
				SWIFT_EMIT_LOC_STRINGS = YES;
				SWIFT_VERSION = 6.0;
				TARGETED_DEVICE_FAMILY = "1,2";
			};
			name = Release;
		};
/* End XCBuildConfiguration section */

/* Begin XCConfigurationList section */
		4976F26E2AF99D21004F01B0 /* Build configuration list for PBXProject "Read" */ = {
			isa = XCConfigurationList;
			buildConfigurations = (
				4976F2812AF99D22004F01B0 /* Debug */,
				4976F2822AF99D22004F01B0 /* Release */,
			);
			defaultConfigurationIsVisible = 0;
			defaultConfigurationName = Release;
		};
		4976F2832AF99D22004F01B0 /* Build configuration list for PBXNativeTarget "Read" */ = {
			isa = XCConfigurationList;
			buildConfigurations = (
				4976F2842AF99D22004F01B0 /* Debug */,
				4976F2852AF99D22004F01B0 /* Release */,
			);
			defaultConfigurationIsVisible = 0;
			defaultConfigurationName = Release;
		};
/* End XCConfigurationList section */
	};
	rootObject = 4976F26B2AF99D21004F01B0 /* Project object */;
}
